
Microsoft Visual Studio Solution File, Format Version 12.00
# Visual Studio Version 16
VisualStudioVersion = 16.0.29409.12
MinimumVisualStudioVersion = 10.0.40219.1
Project("{FAE04EC0-301F-11D3-BF4B-00C04F79EFBC}") = "WebUI", "WebUI\WebUI.csproj", "{C5BAE11A-4963-443C-9BA3-4CE797E17564}"
EndProject
Project("{FAE04EC0-301F-11D3-BF4B-00C04F79EFBC}") = "EFFCK", "EFFCK\EFFCK.csproj", "{7DA2EFA7-8D88-4C50-BA3C-8EEA7321062F}"
EndProject
Project("{FAE04EC0-301F-11D3-BF4B-00C04F79EFBC}") = "LogFile", "LogFile\LogFile.csproj", "{2AE0080B-7E15-4C79-842C-35E52FC945FA}"
EndProject
Global
	GlobalSection(SolutionConfigurationPlatforms) = preSolution
		Debug|Any CPU = Debug|Any CPU
		Release|Any CPU = Release|Any CPU
	EndGlobalSection
	GlobalSection(ProjectConfigurationPlatforms) = postSolution
		{C5BAE11A-4963-443C-9BA3-4CE797E17564}.Debug|Any CPU.ActiveCfg = Debug|Any CPU
		{C5BAE11A-4963-443C-9BA3-4CE797E17564}.Debug|Any CPU.Build.0 = Debug|Any CPU
		{C5BAE11A-4963-443C-9BA3-4CE797E17564}.Release|Any CPU.ActiveCfg = Release|Any CPU
		{C5BAE11A-4963-443C-9BA3-4CE797E17564}.Release|Any CPU.Build.0 = Release|Any CPU
		{7DA2EFA7-8D88-4C50-BA3C-8EEA7321062F}.Debug|Any CPU.ActiveCfg = Debug|Any CPU
		{7DA2EFA7-8D88-4C50-BA3C-8EEA7321062F}.Debug|Any CPU.Build.0 = Debug|Any CPU
		{7DA2EFA7-8D88-4C50-BA3C-8EEA7321062F}.Release|Any CPU.ActiveCfg = Release|Any CPU
		{7DA2EFA7-8D88-4C50-BA3C-8EEA7321062F}.Release|Any CPU.Build.0 = Release|Any CPU
		{2AE0080B-7E15-4C79-842C-35E52FC945FA}.Debug|Any CPU.ActiveCfg = Debug|Any CPU
		{2AE0080B-7E15-4C79-842C-35E52FC945FA}.Debug|Any CPU.Build.0 = Debug|Any CPU
		{2AE0080B-7E15-4C79-842C-35E52FC945FA}.Release|Any CPU.ActiveCfg = Release|Any CPU
		{2AE0080B-7E15-4C79-842C-35E52FC945FA}.Release|Any CPU.Build.0 = Release|Any CPU
	EndGlobalSection
	GlobalSection(SolutionProperties) = preSolution
		HideSolutionNode = FALSE
	EndGlobalSection
	GlobalSection(ExtensibilityGlobals) = postSolution
		SolutionGuid = {38E0C7F8-446D-4F8A-9632-E3128FF4E4E8}
	EndGlobalSection
EndGlobal
